
Microsoft Visual Studio Solution File, Format Version 12.00
# Visual Studio Version 17
VisualStudioVersion = 17.3.32825.248
MinimumVisualStudioVersion = 10.0.40219.1
Project("{FAE04EC0-301F-11D3-BF4B-00C04F79EFBC}") = "01. Reverse Strings", "01. Reverse Strings\01. Reverse Strings.csproj", "{895C3819-6524-407D-BA5C-BFC73891B47A}"
EndProject
Global
	GlobalSection(SolutionConfigurationPlatforms) = preSolution
		Debug|Any CPU = Debug|Any CPU
		Release|Any CPU = Release|Any CPU
	EndGlobalSection
	GlobalSection(ProjectConfigurationPlatforms) = postSolution
		{895C3819-6524-407D-BA5C-BFC73891B47A}.Debug|Any CPU.ActiveCfg = Debug|Any CPU
		{895C3819-6524-407D-BA5C-BFC73891B47A}.Debug|Any CPU.Build.0 = Debug|Any CPU
		{895C3819-6524-407D-BA5C-BFC73891B47A}.Release|Any CPU.ActiveCfg = Release|Any CPU
		{895C3819-6524-407D-BA5C-BFC73891B47A}.Release|Any CPU.Build.0 = Release|Any CPU
	EndGlobalSection
	GlobalSection(SolutionProperties) = preSolution
		HideSolutionNode = FALSE
	EndGlobalSection
	GlobalSection(ExtensibilityGlobals) = postSolution
		SolutionGuid = {DA22F083-617C-4D02-A1E0-139E5A5DBB78}
	EndGlobalSection
EndGlobal
