
Microsoft Visual Studio Solution File, Format Version 12.00
# Visual Studio Version 17
VisualStudioVersion = 17.3.32825.248
MinimumVisualStudioVersion = 10.0.40219.1
Project("{FAE04EC0-301F-11D3-BF4B-00C04F79EFBC}") = "01. Ranking", "01. Ranking\01. Ranking.csproj", "{71F26D55-DBAE-4B8D-A587-D3FC0589814A}"
EndProject
Global
	GlobalSection(SolutionConfigurationPlatforms) = preSolution
		Debug|Any CPU = Debug|Any CPU
		Release|Any CPU = Release|Any CPU
	EndGlobalSection
	GlobalSection(ProjectConfigurationPlatforms) = postSolution
		{71F26D55-DBAE-4B8D-A587-D3FC0589814A}.Debug|Any CPU.ActiveCfg = Debug|Any CPU
		{71F26D55-DBAE-4B8D-A587-D3FC0589814A}.Debug|Any CPU.Build.0 = Debug|Any CPU
		{71F26D55-DBAE-4B8D-A587-D3FC0589814A}.Release|Any CPU.ActiveCfg = Release|Any CPU
		{71F26D55-DBAE-4B8D-A587-D3FC0589814A}.Release|Any CPU.Build.0 = Release|Any CPU
	EndGlobalSection
	GlobalSection(SolutionProperties) = preSolution
		HideSolutionNode = FALSE
	EndGlobalSection
	GlobalSection(ExtensibilityGlobals) = postSolution
		SolutionGuid = {1CE2A909-1622-46F6-9225-9EAD51082E9C}
	EndGlobalSection
EndGlobal
