
Microsoft Visual Studio Solution File, Format Version 12.00
# Visual Studio Version 17
VisualStudioVersion = 17.3.32825.248
MinimumVisualStudioVersion = 10.0.40219.1
Project("{FAE04EC0-301F-11D3-BF4B-00C04F79EFBC}") = "01. Data Types", "01. Data Types\01. Data Types.csproj", "{6BF0E101-4337-4AD9-A098-6C654334269B}"
EndProject
Project("{FAE04EC0-301F-11D3-BF4B-00C04F79EFBC}") = "02. Center Point", "02. Center Point\02. Center Point.csproj", "{B82FEDC6-1BA5-4615-B678-D1CF90F1CCAB}"
EndProject
Project("{FAE04EC0-301F-11D3-BF4B-00C04F79EFBC}") = "03. Longer Line", "03. Longer Line\03. Longer Line.csproj", "{80B8FD75-2746-4E1A-B8D6-ECB32873BB41}"
EndProject
Project("{FAE04EC0-301F-11D3-BF4B-00C04F79EFBC}") = "04. Tribonacci Sequence", "04. Tribonacci Sequence\04. Tribonacci Sequence.csproj", "{60B4589A-2E53-434A-B7C0-AD4731A64807}"
EndProject
Project("{FAE04EC0-301F-11D3-BF4B-00C04F79EFBC}") = "05. Multiplication Sign", "05. Multiplication Sign\05. Multiplication Sign.csproj", "{4E3BFDE5-D03B-45AC-8432-A2B4F5715A0D}"
EndProject
Global
	GlobalSection(SolutionConfigurationPlatforms) = preSolution
		Debug|Any CPU = Debug|Any CPU
		Release|Any CPU = Release|Any CPU
	EndGlobalSection
	GlobalSection(ProjectConfigurationPlatforms) = postSolution
		{6BF0E101-4337-4AD9-A098-6C654334269B}.Debug|Any CPU.ActiveCfg = Debug|Any CPU
		{6BF0E101-4337-4AD9-A098-6C654334269B}.Debug|Any CPU.Build.0 = Debug|Any CPU
		{6BF0E101-4337-4AD9-A098-6C654334269B}.Release|Any CPU.ActiveCfg = Release|Any CPU
		{6BF0E101-4337-4AD9-A098-6C654334269B}.Release|Any CPU.Build.0 = Release|Any CPU
		{B82FEDC6-1BA5-4615-B678-D1CF90F1CCAB}.Debug|Any CPU.ActiveCfg = Debug|Any CPU
		{B82FEDC6-1BA5-4615-B678-D1CF90F1CCAB}.Debug|Any CPU.Build.0 = Debug|Any CPU
		{B82FEDC6-1BA5-4615-B678-D1CF90F1CCAB}.Release|Any CPU.ActiveCfg = Release|Any CPU
		{B82FEDC6-1BA5-4615-B678-D1CF90F1CCAB}.Release|Any CPU.Build.0 = Release|Any CPU
		{80B8FD75-2746-4E1A-B8D6-ECB32873BB41}.Debug|Any CPU.ActiveCfg = Debug|Any CPU
		{80B8FD75-2746-4E1A-B8D6-ECB32873BB41}.Debug|Any CPU.Build.0 = Debug|Any CPU
		{80B8FD75-2746-4E1A-B8D6-ECB32873BB41}.Release|Any CPU.ActiveCfg = Release|Any CPU
		{80B8FD75-2746-4E1A-B8D6-ECB32873BB41}.Release|Any CPU.Build.0 = Release|Any CPU
		{60B4589A-2E53-434A-B7C0-AD4731A64807}.Debug|Any CPU.ActiveCfg = Debug|Any CPU
		{60B4589A-2E53-434A-B7C0-AD4731A64807}.Debug|Any CPU.Build.0 = Debug|Any CPU
		{60B4589A-2E53-434A-B7C0-AD4731A64807}.Release|Any CPU.ActiveCfg = Release|Any CPU
		{60B4589A-2E53-434A-B7C0-AD4731A64807}.Release|Any CPU.Build.0 = Release|Any CPU
		{4E3BFDE5-D03B-45AC-8432-A2B4F5715A0D}.Debug|Any CPU.ActiveCfg = Debug|Any CPU
		{4E3BFDE5-D03B-45AC-8432-A2B4F5715A0D}.Debug|Any CPU.Build.0 = Debug|Any CPU
		{4E3BFDE5-D03B-45AC-8432-A2B4F5715A0D}.Release|Any CPU.ActiveCfg = Release|Any CPU
		{4E3BFDE5-D03B-45AC-8432-A2B4F5715A0D}.Release|Any CPU.Build.0 = Release|Any CPU
	EndGlobalSection
	GlobalSection(SolutionProperties) = preSolution
		HideSolutionNode = FALSE
	EndGlobalSection
	GlobalSection(ExtensibilityGlobals) = postSolution
		SolutionGuid = {32FE881E-D379-473E-B549-D2B27DC40723}
	EndGlobalSection
EndGlobal
