
Microsoft Visual Studio Solution File, Format Version 12.00
# Visual Studio Version 17
VisualStudioVersion = 17.3.32825.248
MinimumVisualStudioVersion = 10.0.40219.1
Project("{FAE04EC0-301F-11D3-BF4B-00C04F79EFBC}") = "01. Encrypt, Sort and Print Array", "01. Encrypt, Sort and Print Array\01. Encrypt, Sort and Print Array.csproj", "{017DD996-497E-4332-BCEF-1DC7D2BAC4F1}"
EndProject
Project("{FAE04EC0-301F-11D3-BF4B-00C04F79EFBC}") = "02. Pascal Triangle", "02. Pascal Triangle\02. Pascal Triangle.csproj", "{B75170BE-1D03-488F-B375-5FC09DF835DA}"
EndProject
Project("{FAE04EC0-301F-11D3-BF4B-00C04F79EFBC}") = "03. Recursive Fibonacci", "03. Recursive Fibonacci\03. Recursive Fibonacci.csproj", "{1C398692-4461-459E-9954-28DD35EE7D84}"
EndProject
Project("{FAE04EC0-301F-11D3-BF4B-00C04F79EFBC}") = "04. Fold and Sum", "04. Fold and Sum\04. Fold and Sum.csproj", "{CE4E033A-B466-4522-8E19-1905822F215A}"
EndProject
Project("{FAE04EC0-301F-11D3-BF4B-00C04F79EFBC}") = "05. Longest Increasing Subsequence", "05. Longest Increasing Subsequence\05. Longest Increasing Subsequence.csproj", "{97A5AB81-B1CD-4D59-936E-C2FA3F6985EA}"
EndProject
Global
	GlobalSection(SolutionConfigurationPlatforms) = preSolution
		Debug|Any CPU = Debug|Any CPU
		Release|Any CPU = Release|Any CPU
	EndGlobalSection
	GlobalSection(ProjectConfigurationPlatforms) = postSolution
		{017DD996-497E-4332-BCEF-1DC7D2BAC4F1}.Debug|Any CPU.ActiveCfg = Debug|Any CPU
		{017DD996-497E-4332-BCEF-1DC7D2BAC4F1}.Debug|Any CPU.Build.0 = Debug|Any CPU
		{017DD996-497E-4332-BCEF-1DC7D2BAC4F1}.Release|Any CPU.ActiveCfg = Release|Any CPU
		{017DD996-497E-4332-BCEF-1DC7D2BAC4F1}.Release|Any CPU.Build.0 = Release|Any CPU
		{B75170BE-1D03-488F-B375-5FC09DF835DA}.Debug|Any CPU.ActiveCfg = Debug|Any CPU
		{B75170BE-1D03-488F-B375-5FC09DF835DA}.Debug|Any CPU.Build.0 = Debug|Any CPU
		{B75170BE-1D03-488F-B375-5FC09DF835DA}.Release|Any CPU.ActiveCfg = Release|Any CPU
		{B75170BE-1D03-488F-B375-5FC09DF835DA}.Release|Any CPU.Build.0 = Release|Any CPU
		{1C398692-4461-459E-9954-28DD35EE7D84}.Debug|Any CPU.ActiveCfg = Debug|Any CPU
		{1C398692-4461-459E-9954-28DD35EE7D84}.Debug|Any CPU.Build.0 = Debug|Any CPU
		{1C398692-4461-459E-9954-28DD35EE7D84}.Release|Any CPU.ActiveCfg = Release|Any CPU
		{1C398692-4461-459E-9954-28DD35EE7D84}.Release|Any CPU.Build.0 = Release|Any CPU
		{CE4E033A-B466-4522-8E19-1905822F215A}.Debug|Any CPU.ActiveCfg = Debug|Any CPU
		{CE4E033A-B466-4522-8E19-1905822F215A}.Debug|Any CPU.Build.0 = Debug|Any CPU
		{CE4E033A-B466-4522-8E19-1905822F215A}.Release|Any CPU.ActiveCfg = Release|Any CPU
		{CE4E033A-B466-4522-8E19-1905822F215A}.Release|Any CPU.Build.0 = Release|Any CPU
		{97A5AB81-B1CD-4D59-936E-C2FA3F6985EA}.Debug|Any CPU.ActiveCfg = Debug|Any CPU
		{97A5AB81-B1CD-4D59-936E-C2FA3F6985EA}.Debug|Any CPU.Build.0 = Debug|Any CPU
		{97A5AB81-B1CD-4D59-936E-C2FA3F6985EA}.Release|Any CPU.ActiveCfg = Release|Any CPU
		{97A5AB81-B1CD-4D59-936E-C2FA3F6985EA}.Release|Any CPU.Build.0 = Release|Any CPU
	EndGlobalSection
	GlobalSection(SolutionProperties) = preSolution
		HideSolutionNode = FALSE
	EndGlobalSection
	GlobalSection(ExtensibilityGlobals) = postSolution
		SolutionGuid = {2BE18784-451C-4580-ADEB-74CFA0D453B5}
	EndGlobalSection
EndGlobal
